
Microsoft Visual Studio Solution File, Format Version 12.00
# Visual Studio Version 17
VisualStudioVersion = 17.9.34622.214
MinimumVisualStudioVersion = 10.0.40219.1
Project("{FAE04EC0-301F-11D3-BF4B-00C04F79EFBC}") = "Przychodnia", "Przychodnia\Przychodnia.csproj", "{B5F23CBB-3AF4-40BB-B69E-0D21FF7F4B57}"
EndProject
Project("{FAE04EC0-301F-11D3-BF4B-00C04F79EFBC}") = "IDAL", "IDAL\IDAL.csproj", "{179753D0-5987-4D25-9874-0E041CCD2D07}"
EndProject
Project("{FAE04EC0-301F-11D3-BF4B-00C04F79EFBC}") = "DAL", "DAL\DAL.csproj", "{B6629858-A158-46DF-8055-4600E8C5E526}"
EndProject
Project("{FAE04EC0-301F-11D3-BF4B-00C04F79EFBC}") = "BLL", "BLL\BLL.csproj", "{84DBB930-7514-4D0C-ABAB-91685DF394C7}"
	ProjectSection(ProjectDependencies) = postProject
		{179753D0-5987-4D25-9874-0E041CCD2D07} = {179753D0-5987-4D25-9874-0E041CCD2D07}
		{9EFD5126-86FB-422A-923B-45305167C477} = {9EFD5126-86FB-422A-923B-45305167C477}
		{B5F23CBB-3AF4-40BB-B69E-0D21FF7F4B57} = {B5F23CBB-3AF4-40BB-B69E-0D21FF7F4B57}
		{B6629858-A158-46DF-8055-4600E8C5E526} = {B6629858-A158-46DF-8055-4600E8C5E526}
	EndProjectSection
EndProject
Project("{FAE04EC0-301F-11D3-BF4B-00C04F79EFBC}") = "IBLL", "IBLL\IBLL.csproj", "{9EFD5126-86FB-422A-923B-45305167C477}"
	ProjectSection(ProjectDependencies) = postProject
		{370EB632-0810-4F9C-9C80-3F71D24D480E} = {370EB632-0810-4F9C-9C80-3F71D24D480E}
		{B5F23CBB-3AF4-40BB-B69E-0D21FF7F4B57} = {B5F23CBB-3AF4-40BB-B69E-0D21FF7F4B57}
	EndProjectSection
EndProject
Project("{FAE04EC0-301F-11D3-BF4B-00C04F79EFBC}") = "DTOs", "DTOs\DTOs.csproj", "{370EB632-0810-4F9C-9C80-3F71D24D480E}"
EndProject
Project("{FAE04EC0-301F-11D3-BF4B-00C04F79EFBC}") = "Models", "Models\Models.csproj", "{DC3FBC0F-DA17-43DC-8A2F-FBD3BCC75F06}"
EndProject
Project("{FAE04EC0-301F-11D3-BF4B-00C04F79EFBC}") = "KonsolaTestowa", "KonsolaTestowa\KonsolaTestowa.csproj", "{7E5CC7EA-0306-4584-B901-7F7556FC5161}"
EndProject
Global
	GlobalSection(SolutionConfigurationPlatforms) = preSolution
		Debug|Any CPU = Debug|Any CPU
		Release|Any CPU = Release|Any CPU
	EndGlobalSection
	GlobalSection(ProjectConfigurationPlatforms) = postSolution
		{B5F23CBB-3AF4-40BB-B69E-0D21FF7F4B57}.Debug|Any CPU.ActiveCfg = Debug|Any CPU
		{B5F23CBB-3AF4-40BB-B69E-0D21FF7F4B57}.Debug|Any CPU.Build.0 = Debug|Any CPU
		{B5F23CBB-3AF4-40BB-B69E-0D21FF7F4B57}.Release|Any CPU.ActiveCfg = Release|Any CPU
		{B5F23CBB-3AF4-40BB-B69E-0D21FF7F4B57}.Release|Any CPU.Build.0 = Release|Any CPU
		{179753D0-5987-4D25-9874-0E041CCD2D07}.Debug|Any CPU.ActiveCfg = Debug|Any CPU
		{179753D0-5987-4D25-9874-0E041CCD2D07}.Debug|Any CPU.Build.0 = Debug|Any CPU
		{179753D0-5987-4D25-9874-0E041CCD2D07}.Release|Any CPU.ActiveCfg = Release|Any CPU
		{179753D0-5987-4D25-9874-0E041CCD2D07}.Release|Any CPU.Build.0 = Release|Any CPU
		{B6629858-A158-46DF-8055-4600E8C5E526}.Debug|Any CPU.ActiveCfg = Debug|Any CPU
		{B6629858-A158-46DF-8055-4600E8C5E526}.Debug|Any CPU.Build.0 = Debug|Any CPU
		{B6629858-A158-46DF-8055-4600E8C5E526}.Release|Any CPU.ActiveCfg = Release|Any CPU
		{B6629858-A158-46DF-8055-4600E8C5E526}.Release|Any CPU.Build.0 = Release|Any CPU
		{84DBB930-7514-4D0C-ABAB-91685DF394C7}.Debug|Any CPU.ActiveCfg = Debug|Any CPU
		{84DBB930-7514-4D0C-ABAB-91685DF394C7}.Debug|Any CPU.Build.0 = Debug|Any CPU
		{84DBB930-7514-4D0C-ABAB-91685DF394C7}.Release|Any CPU.ActiveCfg = Release|Any CPU
		{84DBB930-7514-4D0C-ABAB-91685DF394C7}.Release|Any CPU.Build.0 = Release|Any CPU
		{9EFD5126-86FB-422A-923B-45305167C477}.Debug|Any CPU.ActiveCfg = Debug|Any CPU
		{9EFD5126-86FB-422A-923B-45305167C477}.Debug|Any CPU.Build.0 = Debug|Any CPU
		{9EFD5126-86FB-422A-923B-45305167C477}.Release|Any CPU.ActiveCfg = Release|Any CPU
		{9EFD5126-86FB-422A-923B-45305167C477}.Release|Any CPU.Build.0 = Release|Any CPU
		{370EB632-0810-4F9C-9C80-3F71D24D480E}.Debug|Any CPU.ActiveCfg = Debug|Any CPU
		{370EB632-0810-4F9C-9C80-3F71D24D480E}.Debug|Any CPU.Build.0 = Debug|Any CPU
		{370EB632-0810-4F9C-9C80-3F71D24D480E}.Release|Any CPU.ActiveCfg = Release|Any CPU
		{370EB632-0810-4F9C-9C80-3F71D24D480E}.Release|Any CPU.Build.0 = Release|Any CPU
		{DC3FBC0F-DA17-43DC-8A2F-FBD3BCC75F06}.Debug|Any CPU.ActiveCfg = Debug|Any CPU
		{DC3FBC0F-DA17-43DC-8A2F-FBD3BCC75F06}.Debug|Any CPU.Build.0 = Debug|Any CPU
		{DC3FBC0F-DA17-43DC-8A2F-FBD3BCC75F06}.Release|Any CPU.ActiveCfg = Release|Any CPU
		{DC3FBC0F-DA17-43DC-8A2F-FBD3BCC75F06}.Release|Any CPU.Build.0 = Release|Any CPU
		{7E5CC7EA-0306-4584-B901-7F7556FC5161}.Debug|Any CPU.ActiveCfg = Debug|Any CPU
		{7E5CC7EA-0306-4584-B901-7F7556FC5161}.Debug|Any CPU.Build.0 = Debug|Any CPU
		{7E5CC7EA-0306-4584-B901-7F7556FC5161}.Release|Any CPU.ActiveCfg = Release|Any CPU
		{7E5CC7EA-0306-4584-B901-7F7556FC5161}.Release|Any CPU.Build.0 = Release|Any CPU
	EndGlobalSection
	GlobalSection(SolutionProperties) = preSolution
		HideSolutionNode = FALSE
	EndGlobalSection
	GlobalSection(ExtensibilityGlobals) = postSolution
		SolutionGuid = {D9839809-7CD4-4259-862C-9F1FA175C3A5}
	EndGlobalSection
EndGlobal
